
Microsoft Visual Studio Solution File, Format Version 12.00
# Visual Studio Version 17
VisualStudioVersion = 17.14.37502.11 d17.14
MinimumVisualStudioVersion = 10.0.40219.1
Project("{FAE04EC0-301F-11D3-BF4B-00C04F79EFBC}") = "Polymorphism_Assignment", "Polymorphism_Assignment\Polymorphism_Assignment.csproj", "{7BB7C87B-1051-440C-B84B-33FFB107CCFB}"
EndProject
Global
	GlobalSection(SolutionConfigurationPlatforms) = preSolution
		Debug|Any CPU = Debug|Any CPU
		Release|Any CPU = Release|Any CPU
	EndGlobalSection
	GlobalSection(ProjectConfigurationPlatforms) = postSolution
		{7BB7C87B-1051-440C-B84B-33FFB107CCFB}.Debug|Any CPU.ActiveCfg = Debug|Any CPU
		{7BB7C87B-1051-440C-B84B-33FFB107CCFB}.Debug|Any CPU.Build.0 = Debug|Any CPU
		{7BB7C87B-1051-440C-B84B-33FFB107CCFB}.Release|Any CPU.ActiveCfg = Release|Any CPU
		{7BB7C87B-1051-440C-B84B-33FFB107CCFB}.Release|Any CPU.Build.0 = Release|Any CPU
	EndGlobalSection
	GlobalSection(SolutionProperties) = preSolution
		HideSolutionNode = FALSE
	EndGlobalSection
	GlobalSection(ExtensibilityGlobals) = postSolution
		SolutionGuid = {57C0CB06-15E2-4DFF-A9E9-D2A80F14F8A6}
	EndGlobalSection
EndGlobal
